lockfileVersion: '9.0'

settings:
  autoInstallPeers: true
  excludeLinksFromLockfile: false

importers:

  .: {}

  benchmarks/apps/nowaki-counter:
    dependencies:
      '@nowaki-dev/runtime':
        specifier: workspace:*
        version: link:../../../packages/nowaki-runtime
      preact:
        specifier: ^10.25.4
        version: 10.29.2
      preact-render-to-string:
        specifier: ^6.5.13
        version: 6.7.0(preact@10.29.2)

  examples/hello:
    dependencies:
      '@nowaki-dev/runtime':
        specifier: workspace:*
        version: link:../../packages/nowaki-runtime
      '@tsrx/preact':
        specifier: ^0.1.30
        version: 0.1.30(preact@10.29.2)
      preact:
        specifier: ^10.25.4
        version: 10.29.2
      preact-render-to-string:
        specifier: ^6.5.13
        version: 6.7.0(preact@10.29.2)

  packages/create-nowaki: {}

  packages/create-nowaki-app:
    dependencies:
      create-nowaki:
        specifier: ^0.10.0
        version: link:../create-nowaki

  packages/nowaki-runtime:
    devDependencies:
      preact:
        specifier: ^10.25.4
        version: 10.29.2
      preact-render-to-string:
        specifier: ^6.5.13
        version: 6.7.0(preact@10.29.2)

  site:
    dependencies:
      '@nowaki-dev/runtime':
        specifier: workspace:*
        version: link:../packages/nowaki-runtime
      preact:
        specifier: ^10.25.4
        version: 10.29.2
      preact-render-to-string:
        specifier: ^6.5.13
        version: 6.7.0(preact@10.29.2)

packages:

  '@jridgewell/sourcemap-codec@1.5.5':
    resolution: {integrity: sha512-cYQ9310grqxueWbl+WuIUIaiUaDcj7WOq5fVhEljNVgRfOUhY9fy2zTvfoqWsnebh8Sl70VScFbICvJnLKB0Og==}

  '@noble/hashes@2.2.0':
    resolution: {integrity: sha512-IYqDGiTXab6FniAgnSdZwgWbomxpy9FtYvLKs7wCUs2a8RkITG+DFGO1DM9cr+E3/RgADRpFjrKVaJ1z6sjtEg==}
    engines: {node: '>= 20.19.0'}

  '@sveltejs/acorn-typescript@1.0.10':
    resolution: {integrity: sha512-4WfKk68eTih+MiJD4fSbxN7E8kVBmTMPWHUPYjvl2N0rMs53YLTT8/YjKU5Dtnz5LqDjl7LEw4U7lXR2W3J5WA==}
    peerDependencies:
      acorn: ^8.9.0

  '@tsrx/core@0.1.30':
    resolution: {integrity: sha512-P0bbzQuT+k0+XKmyxhFh9Q1z4DvmGaf/pqSHI9mQfcf8fsjxbTpIwBJCVkccgbaRCUdABqsC9b2cnU1S17WaOw==}

  '@tsrx/preact@0.1.30':
    resolution: {integrity: sha512-KoEmY7QHQAoBiepZZFOg6tYbM3lieokx9mCcouZFCKPc9faXng6LatZtGeEhIlx3w6XXdCNVobCZXD4J3Vb68A==}
    peerDependencies:
      preact: '>=10'

  '@types/estree-jsx@1.0.5':
    resolution: {integrity: sha512-52CcUVNFyfb1A2ALocQw/Dd1BQFNmSdkuC3BkZ6iqhdMfQz7JWOFRuJFloOzjk+6WijU56m9oKXFAXc7o3Towg==}

  '@types/estree@1.0.9':
    resolution: {integrity: sha512-GhdPgy1el4/ImP05X05Uw4cw2/M93BCUmnEvWZNStlCzEKME4Fkk+YpoA5OiHNQmoS7Cafb8Xa3Pya8m1Qrzeg==}

  acorn@8.17.0:
    resolution: {integrity: sha512-xRQbDb9BnwDafYNn6Vwl839DYVjqXYb1XVGtWAZ1kcDc6iwAL4hg3B1dZlRiuENFeO2H53gFG3in621AdERVAg==}
    engines: {node: '>=0.4.0'}
    hasBin: true

  esrap@2.2.11:
    resolution: {integrity: sha512-gPdx+I+BjYEinNMQaBXFjbaJVyoPMU4ZODg5mE+M4DqVG9VusAVHHjcBX+zqyITlI0DIARwDMMzZwAWj36dRoQ==}
    peerDependencies:
      '@typescript-eslint/types': ^8.2.0
    peerDependenciesMeta:
      '@typescript-eslint/types':
        optional: true

  is-reference@3.0.3:
    resolution: {integrity: sha512-ixkJoqQvAP88E6wLydLGGqCJsrFUnqoH6HnaczB8XmDH1oaWU+xxdptvikTgaEhtZ53Ky6YXiBuUI2WXLMCwjw==}

  magic-string@0.30.21:
    resolution: {integrity: sha512-vd2F4YUyEXKGcLHoq+TEyCjxueSeHnFxyyjNp80yg0XV4vUhnDer/lvvlqM/arB5bXQN5K2/3oinyCRyx8T2CQ==}

  preact-render-to-string@6.7.0:
    resolution: {integrity: sha512-Z4WR8fmLMRpdYqJ9i7vrlXSsSrxVJydwrkEXHapexfARbWfGb7vGcnvNQnIzN0cXciMVOlz/XLoiMCi9gUsy9Q==}
    peerDependencies:
      preact: '>=10 || >= 11.0.0-0'

  preact@10.29.2:
    resolution: {integrity: sha512-7tNmwg/7mzzAoB/8kSg6Hl37JraAZw3Z3A0JSY7VXlZwo82Xn0G7wKbNNs2qoF4ZEEsQGTwDAroNdqKs1ofJxQ==}

  zimmerframe@1.1.4:
    resolution: {integrity: sha512-B58NGBEoc8Y9MWWCQGl/gq9xBCe4IiKM0a2x7GZdQKOW5Exr8S1W24J6OgM1njK8xCRGvAJIL/MxXHf6SkmQKQ==}

snapshots:

  '@jridgewell/sourcemap-codec@1.5.5': {}

  '@noble/hashes@2.2.0': {}

  '@sveltejs/acorn-typescript@1.0.10(acorn@8.17.0)':
    dependencies:
      acorn: 8.17.0

  '@tsrx/core@0.1.30':
    dependencies:
      '@jridgewell/sourcemap-codec': 1.5.5
      '@noble/hashes': 2.2.0
      '@sveltejs/acorn-typescript': 1.0.10(acorn@8.17.0)
      '@types/estree': 1.0.9
      '@types/estree-jsx': 1.0.5
      acorn: 8.17.0
      esrap: 2.2.11
      is-reference: 3.0.3
      magic-string: 0.30.21
      zimmerframe: 1.1.4
    transitivePeerDependencies:
      - '@typescript-eslint/types'

  '@tsrx/preact@0.1.30(preact@10.29.2)':
    dependencies:
      '@tsrx/core': 0.1.30
      esrap: 2.2.11
      preact: 10.29.2
      zimmerframe: 1.1.4
    transitivePeerDependencies:
      - '@typescript-eslint/types'

  '@types/estree-jsx@1.0.5':
    dependencies:
      '@types/estree': 1.0.9

  '@types/estree@1.0.9': {}

  acorn@8.17.0: {}

  esrap@2.2.11:
    dependencies:
      '@jridgewell/sourcemap-codec': 1.5.5

  is-reference@3.0.3:
    dependencies:
      '@types/estree': 1.0.9

  magic-string@0.30.21:
    dependencies:
      '@jridgewell/sourcemap-codec': 1.5.5

  preact-render-to-string@6.7.0(preact@10.29.2):
    dependencies:
      preact: 10.29.2

  preact@10.29.2: {}

  zimmerframe@1.1.4: {}
